
Microsoft Visual Studio Solution File, Format Version 12.00
# Visual Studio 14
VisualStudioVersion = 14.0.25420.1
MinimumVisualStudioVersion = 10.0.40219.1
Project("{FAE04EC0-301F-11D3-BF4B-00C04F79EFBC}") = "SDK Test", "SDK Test\SDK Test.csproj", "{3A007DE8-99B4-4ADD-AD98-852EDBEE4AE4}"
EndProject
Project("{FAE04EC0-301F-11D3-BF4B-00C04F79EFBC}") = "ININ.PureCloudApi", "..\..\..\purecloud_api_sdk_csharp\build\src\ININ.PureCloudApi\ININ.PureCloudApi.csproj", "{F3337266-8FDD-43BF-9C4B-BCC5BD5ED692}"
EndProject
Global
	GlobalSection(SolutionConfigurationPlatforms) = preSolution
		Debug|Any CPU = Debug|Any CPU
		Release|Any CPU = Release|Any CPU
	EndGlobalSection
	GlobalSection(ProjectConfigurationPlatforms) = postSolution
		{3A007DE8-99B4-4ADD-AD98-852EDBEE4AE4}.Debug|Any CPU.ActiveCfg = Debug|Any CPU
		{3A007DE8-99B4-4ADD-AD98-852EDBEE4AE4}.Debug|Any CPU.Build.0 = Debug|Any CPU
		{3A007DE8-99B4-4ADD-AD98-852EDBEE4AE4}.Release|Any CPU.ActiveCfg = Release|Any CPU
		{3A007DE8-99B4-4ADD-AD98-852EDBEE4AE4}.Release|Any CPU.Build.0 = Release|Any CPU
		{F3337266-8FDD-43BF-9C4B-BCC5BD5ED692}.Debug|Any CPU.ActiveCfg = Debug|Any CPU
		{F3337266-8FDD-43BF-9C4B-BCC5BD5ED692}.Debug|Any CPU.Build.0 = Debug|Any CPU
		{F3337266-8FDD-43BF-9C4B-BCC5BD5ED692}.Release|Any CPU.ActiveCfg = Release|Any CPU
		{F3337266-8FDD-43BF-9C4B-BCC5BD5ED692}.Release|Any CPU.Build.0 = Release|Any CPU
	EndGlobalSection
	GlobalSection(SolutionProperties) = preSolution
		HideSolutionNode = FALSE
	EndGlobalSection
EndGlobal
